
Microsoft Visual Studio Solution File, Format Version 12.00
# Visual Studio Version 17
VisualStudioVersion = 17.5.33424.131
MinimumVisualStudioVersion = 10.0.40219.1
Project("{9A19103F-16F7-4668-BE54-9A1E7A4F7556}") = "BlogDataLibrary", "BlogDataLibrary\BlogDataLibrary.csproj", "{20DAD6CA-47E1-4BAC-A61E-EAEC01D2836A}"
EndProject
Project("{00D1A9C2-B5F0-4AF3-8072-F6C62B433612}") = "TaylorBlogDB", "TaylorBlogDB\TaylorBlogDB.sqlproj", "{4ECA0970-FA2B-47E2-A2DE-94F430B5795A}"
EndProject
Project("{9A19103F-16F7-4668-BE54-9A1E7A4F7556}") = "BlogTestUI", "BlogTestUI\BlogTestUI.csproj", "{8A7D7713-5AD4-4B30-A095-88A1F1BECF17}"
EndProject
Project("{FAE04EC0-301F-11D3-BF4B-00C04F79EFBC}") = "BlogAPI", "BlogAPI\BlogAPI.csproj", "{75E713F3-0E25-417D-94F3-A30FAA128FFF}"
EndProject
Global
	GlobalSection(SolutionConfigurationPlatforms) = preSolution
		Debug|Any CPU = Debug|Any CPU
		Release|Any CPU = Release|Any CPU
	EndGlobalSection
	GlobalSection(ProjectConfigurationPlatforms) = postSolution
		{20DAD6CA-47E1-4BAC-A61E-EAEC01D2836A}.Debug|Any CPU.ActiveCfg = Debug|Any CPU
		{20DAD6CA-47E1-4BAC-A61E-EAEC01D2836A}.Debug|Any CPU.Build.0 = Debug|Any CPU
		{20DAD6CA-47E1-4BAC-A61E-EAEC01D2836A}.Release|Any CPU.ActiveCfg = Release|Any CPU
		{20DAD6CA-47E1-4BAC-A61E-EAEC01D2836A}.Release|Any CPU.Build.0 = Release|Any CPU
		{4ECA0970-FA2B-47E2-A2DE-94F430B5795A}.Debug|Any CPU.ActiveCfg = Debug|Any CPU
		{4ECA0970-FA2B-47E2-A2DE-94F430B5795A}.Debug|Any CPU.Build.0 = Debug|Any CPU
		{4ECA0970-FA2B-47E2-A2DE-94F430B5795A}.Debug|Any CPU.Deploy.0 = Debug|Any CPU
		{4ECA0970-FA2B-47E2-A2DE-94F430B5795A}.Release|Any CPU.ActiveCfg = Release|Any CPU
		{4ECA0970-FA2B-47E2-A2DE-94F430B5795A}.Release|Any CPU.Build.0 = Release|Any CPU
		{4ECA0970-FA2B-47E2-A2DE-94F430B5795A}.Release|Any CPU.Deploy.0 = Release|Any CPU
		{8A7D7713-5AD4-4B30-A095-88A1F1BECF17}.Debug|Any CPU.ActiveCfg = Debug|Any CPU
		{8A7D7713-5AD4-4B30-A095-88A1F1BECF17}.Debug|Any CPU.Build.0 = Debug|Any CPU
		{8A7D7713-5AD4-4B30-A095-88A1F1BECF17}.Release|Any CPU.ActiveCfg = Release|Any CPU
		{8A7D7713-5AD4-4B30-A095-88A1F1BECF17}.Release|Any CPU.Build.0 = Release|Any CPU
		{75E713F3-0E25-417D-94F3-A30FAA128FFF}.Debug|Any CPU.ActiveCfg = Debug|Any CPU
		{75E713F3-0E25-417D-94F3-A30FAA128FFF}.Debug|Any CPU.Build.0 = Debug|Any CPU
		{75E713F3-0E25-417D-94F3-A30FAA128FFF}.Release|Any CPU.ActiveCfg = Release|Any CPU
		{75E713F3-0E25-417D-94F3-A30FAA128FFF}.Release|Any CPU.Build.0 = Release|Any CPU
	EndGlobalSection
	GlobalSection(SolutionProperties) = preSolution
		HideSolutionNode = FALSE
	EndGlobalSection
	GlobalSection(ExtensibilityGlobals) = postSolution
		SolutionGuid = {71FC2951-5787-4C18-B7F1-6431F8B24CE7}
	EndGlobalSection
EndGlobal
